
Microsoft Visual Studio Solution File, Format Version 12.00
# Visual Studio 15
VisualStudioVersion = 15.0.28307.960
MinimumVisualStudioVersion = 10.0.40219.1
Project("{FAE04EC0-301F-11D3-BF4B-00C04F79EFBC}") = "ExpenseLoggerApp", "ExpenseLoggerApp\ExpenseLoggerApp.csproj", "{B91E492E-C461-49B8-8880-D173C783CF21}"
EndProject
Project("{FAE04EC0-301F-11D3-BF4B-00C04F79EFBC}") = "ExpenseLoggerDAL", "ExpenseLoggerDAL\ExpenseLoggerDAL.csproj", "{794D037C-B954-4C50-BAF5-F85464E11575}"
EndProject
Project("{FAE04EC0-301F-11D3-BF4B-00C04F79EFBC}") = "ExpenseLoggerBLL", "ExpenseLoggerBLL\ExpenseLoggerBLL.csproj", "{C28312D9-BE81-48F0-9FE3-7DEF0794A58A}"
EndProject
Project("{00D1A9C2-B5F0-4AF3-8072-F6C62B433612}") = "ExpenseLoggerDB", "ExpenseLoggerDB\ExpenseLoggerDB.sqlproj", "{D5126EA8-D181-44D6-823C-1FC6B630A584}"
EndProject
Global
	GlobalSection(SolutionConfigurationPlatforms) = preSolution
		Debug|Any CPU = Debug|Any CPU
		Release|Any CPU = Release|Any CPU
	EndGlobalSection
	GlobalSection(ProjectConfigurationPlatforms) = postSolution
		{B91E492E-C461-49B8-8880-D173C783CF21}.Debug|Any CPU.ActiveCfg = Debug|Any CPU
		{B91E492E-C461-49B8-8880-D173C783CF21}.Debug|Any CPU.Build.0 = Debug|Any CPU
		{B91E492E-C461-49B8-8880-D173C783CF21}.Release|Any CPU.ActiveCfg = Release|Any CPU
		{B91E492E-C461-49B8-8880-D173C783CF21}.Release|Any CPU.Build.0 = Release|Any CPU
		{794D037C-B954-4C50-BAF5-F85464E11575}.Debug|Any CPU.ActiveCfg = Debug|Any CPU
		{794D037C-B954-4C50-BAF5-F85464E11575}.Debug|Any CPU.Build.0 = Debug|Any CPU
		{794D037C-B954-4C50-BAF5-F85464E11575}.Release|Any CPU.ActiveCfg = Release|Any CPU
		{794D037C-B954-4C50-BAF5-F85464E11575}.Release|Any CPU.Build.0 = Release|Any CPU
		{C28312D9-BE81-48F0-9FE3-7DEF0794A58A}.Debug|Any CPU.ActiveCfg = Debug|Any CPU
		{C28312D9-BE81-48F0-9FE3-7DEF0794A58A}.Debug|Any CPU.Build.0 = Debug|Any CPU
		{C28312D9-BE81-48F0-9FE3-7DEF0794A58A}.Release|Any CPU.ActiveCfg = Release|Any CPU
		{C28312D9-BE81-48F0-9FE3-7DEF0794A58A}.Release|Any CPU.Build.0 = Release|Any CPU
		{D5126EA8-D181-44D6-823C-1FC6B630A584}.Debug|Any CPU.ActiveCfg = Debug|Any CPU
		{D5126EA8-D181-44D6-823C-1FC6B630A584}.Debug|Any CPU.Build.0 = Debug|Any CPU
		{D5126EA8-D181-44D6-823C-1FC6B630A584}.Debug|Any CPU.Deploy.0 = Debug|Any CPU
		{D5126EA8-D181-44D6-823C-1FC6B630A584}.Release|Any CPU.ActiveCfg = Release|Any CPU
		{D5126EA8-D181-44D6-823C-1FC6B630A584}.Release|Any CPU.Build.0 = Release|Any CPU
		{D5126EA8-D181-44D6-823C-1FC6B630A584}.Release|Any CPU.Deploy.0 = Release|Any CPU
	EndGlobalSection
	GlobalSection(SolutionProperties) = preSolution
		HideSolutionNode = FALSE
	EndGlobalSection
	GlobalSection(ExtensibilityGlobals) = postSolution
		SolutionGuid = {6D268CB9-F09A-4630-A025-BD203501C25F}
	EndGlobalSection
EndGlobal
